// !$*UTF8*$!
{
	archiveVersion = 1;
	classes = {
	};
	objectVersion = 46;
	objects = {

/* Begin PBXBuildFile section */
		F20DA001167E69AC00E93CC8 /* TimeLineCollectionViewController.m in Sources */ = {isa = PBXBuildFile; fileRef = F20DA000167E69AC00E93CC8 /* TimeLineCollectionViewController.m */; };
		F223D1C316E3B2ED00389437 /* MainStoryboard_iPad_en.storyboard in Resources */ = {isa = PBXBuildFile; fileRef = F223D1C116E3B2ED00389437 /* MainStoryboard_iPad_en.storyboard */; };
		F223D1C416E3B2ED00389437 /* MainStoryboard_iPad_en.storyboard in Resources */ = {isa = PBXBuildFile; fileRef = F223D1C116E3B2ED00389437 /* MainStoryboard_iPad_en.storyboard */; };
		F23609FC17E105DF002B9D14 /* Images.xcassets in Resources */ = {isa = PBXBuildFile; fileRef = F23609FB17E105DF002B9D14 /* Images.xcassets */; };
		F23A0BA615EA8C6D00C99909 /* Accounts.framework in Frameworks */ = {isa = PBXBuildFile; fileRef = F23A0BA515EA8C6D00C99909 /* Accounts.framework */; };
		F23A0BA915EA8CE400C99909 /* Twitter.framework in Frameworks */ = {isa = PBXBuildFile; fileRef = F23A0BA815EA8CE400C99909 /* Twitter.framework */; };
		F23A0BAC15EAA14C00C99909 /* TimeLineViewController.m in Sources */ = {isa = PBXBuildFile; fileRef = F23A0BAB15EAA14C00C99909 /* TimeLineViewController.m */; };
		F24CB3791680F00400D3ABA3 /* CollectionViewCustomLayout.m in Sources */ = {isa = PBXBuildFile; fileRef = F24CB3781680F00400D3ABA3 /* CollectionViewCustomLayout.m */; };
		F278D95D162BFE60006FED6B /* TimelineUIDocument.m in Sources */ = {isa = PBXBuildFile; fileRef = F278D95C162BFE60006FED6B /* TimelineUIDocument.m */; };
		F278D965162C10AD006FED6B /* SavedTimeline.m in Sources */ = {isa = PBXBuildFile; fileRef = F278D964162C10AD006FED6B /* SavedTimeline.m */; };
		F278D968162C1684006FED6B /* Downloader.m in Sources */ = {isa = PBXBuildFile; fileRef = F278D967162C1684006FED6B /* Downloader.m */; };
		F278D97B1630928B006FED6B /* Icon.png in Resources */ = {isa = PBXBuildFile; fileRef = F278D97A1630928B006FED6B /* Icon.png */; };
		F278D97D16309500006FED6B /* Icon@2x.png in Resources */ = {isa = PBXBuildFile; fileRef = F278D97C16309500006FED6B /* Icon@2x.png */; };
		F278D981163098DF006FED6B /* Icon-Small@2x.png in Resources */ = {isa = PBXBuildFile; fileRef = F278D980163098DF006FED6B /* Icon-Small@2x.png */; };
		F278D98316309972006FED6B /* Icon-Small.png in Resources */ = {isa = PBXBuildFile; fileRef = F278D98216309972006FED6B /* Icon-Small.png */; };
		F292E41B166390D6004AEEC8 /* InfoPlist.strings in Resources */ = {isa = PBXBuildFile; fileRef = F292E417166390D6004AEEC8 /* InfoPlist.strings */; };
		F292E41C166390D6004AEEC8 /* Localizable.strings in Resources */ = {isa = PBXBuildFile; fileRef = F292E419166390D6004AEEC8 /* Localizable.strings */; };
		F2B27C1816E3E127005039EC /* Icon-72@2x.png in Resources */ = {isa = PBXBuildFile; fileRef = F2B27C1716E3E127005039EC /* Icon-72@2x.png */; };
		F2B27C1916E3E127005039EC /* Icon-72@2x.png in Resources */ = {isa = PBXBuildFile; fileRef = F2B27C1716E3E127005039EC /* Icon-72@2x.png */; };
		F2B27C1B16E3E7C8005039EC /* Default-Landscape@2x~ipad.png in Resources */ = {isa = PBXBuildFile; fileRef = F2B27C1A16E3E7C8005039EC /* Default-Landscape@2x~ipad.png */; };
		F2B27C1C16E3E7C8005039EC /* Default-Landscape@2x~ipad.png in Resources */ = {isa = PBXBuildFile; fileRef = F2B27C1A16E3E7C8005039EC /* Default-Landscape@2x~ipad.png */; };
		F2B27C1E16E3E8B7005039EC /* Default-Landscape~ipad.png in Resources */ = {isa = PBXBuildFile; fileRef = F2B27C1D16E3E8B7005039EC /* Default-Landscape~ipad.png */; };
		F2B27C1F16E3E8B7005039EC /* Default-Landscape~ipad.png in Resources */ = {isa = PBXBuildFile; fileRef = F2B27C1D16E3E8B7005039EC /* Default-Landscape~ipad.png */; };
		F2B27C2216E3EC45005039EC /* Default-Portrait@2x~ipad.png in Resources */ = {isa = PBXBuildFile; fileRef = F2B27C2016E3EC44005039EC /* Default-Portrait@2x~ipad.png */; };
		F2B27C2316E3EC45005039EC /* Default-Portrait@2x~ipad.png in Resources */ = {isa = PBXBuildFile; fileRef = F2B27C2016E3EC44005039EC /* Default-Portrait@2x~ipad.png */; };
		F2B27C2416E3EC45005039EC /* Default-Portrait~ipad.png in Resources */ = {isa = PBXBuildFile; fileRef = F2B27C2116E3EC44005039EC /* Default-Portrait~ipad.png */; };
		F2B27C2516E3EC45005039EC /* Default-Portrait~ipad.png in Resources */ = {isa = PBXBuildFile; fileRef = F2B27C2116E3EC44005039EC /* Default-Portrait~ipad.png */; };
		F2B27C2616E3F2B0005039EC /* Default-568h@2x.png in Resources */ = {isa = PBXBuildFile; fileRef = F2FD99341650035900B4F837 /* Default-568h@2x.png */; };
		F2B27C2716E3F2C4005039EC /* Default.png in Resources */ = {isa = PBXBuildFile; fileRef = F2FD99351650035900B4F837 /* Default.png */; };
		F2B27C2816E3F2E2005039EC /* Default@2x.png in Resources */ = {isa = PBXBuildFile; fileRef = F2FD99361650035900B4F837 /* Default@2x.png */; };
		F2B27C2916E3F2E6005039EC /* iTunesArtwork in Resources */ = {isa = PBXBuildFile; fileRef = F2FD99371650035900B4F837 /* iTunesArtwork */; };
		F2DAC4A21604888300DC35E3 /* PageViewController.m in Sources */ = {isa = PBXBuildFile; fileRef = F2DAC4A11604888300DC35E3 /* PageViewController.m */; };
		F2F3F4E81748F338002AA14E /* MainStoryboard_iPhone_en.storyboard in Resources */ = {isa = PBXBuildFile; fileRef = F223D20216E3CB0A00389437 /* MainStoryboard_iPhone_en.storyboard */; };
		F2F3F4E91748F34A002AA14E /* Localizable.strings in Resources */ = {isa = PBXBuildFile; fileRef = F223D20A16E3CD3E00389437 /* Localizable.strings */; };
		F2F3F4EA1748F34A002AA14E /* Localizable.strings in Resources */ = {isa = PBXBuildFile; fileRef = F292E42116639139004AEEC8 /* Localizable.strings */; };
		F2F3F4EB1748F42D002AA14E /* MainStoryboard_iPhone_en.storyboard in Resources */ = {isa = PBXBuildFile; fileRef = F223D20216E3CB0A00389437 /* MainStoryboard_iPhone_en.storyboard */; };
		F2F3F4EC1748F431002AA14E /* Localizable.strings in Resources */ = {isa = PBXBuildFile; fileRef = F223D20A16E3CD3E00389437 /* Localizable.strings */; };
		F2F3F4ED1748F435002AA14E /* Localizable.strings in Resources */ = {isa = PBXBuildFile; fileRef = F292E42116639139004AEEC8 /* Localizable.strings */; };
		F2FB92EB15EA705600A5DE37 /* UIKit.framework in Frameworks */ = {isa = PBXBuildFile; fileRef = F2FB92EA15EA705600A5DE37 /* UIKit.framework */; };
		F2FB92ED15EA705600A5DE37 /* Foundation.framework in Frameworks */ = {isa = PBXBuildFile; fileRef = F2FB92EC15EA705600A5DE37 /* Foundation.framework */; };
		F2FB92EF15EA705600A5DE37 /* CoreGraphics.framework in Frameworks */ = {isa = PBXBuildFile; fileRef = F2FB92EE15EA705600A5DE37 /* CoreGraphics.framework */; };
		F2FB92F515EA705600A5DE37 /* InfoPlist.strings in Resources */ = {isa = PBXBuildFile; fileRef = F2FB92F315EA705600A5DE37 /* InfoPlist.strings */; };
		F2FB92F715EA705600A5DE37 /* main.m in Sources */ = {isa = PBXBuildFile; fileRef = F2FB92F615EA705600A5DE37 /* main.m */; };
		F2FB92FB15EA705600A5DE37 /* OfftieAppDelegate.m in Sources */ = {isa = PBXBuildFile; fileRef = F2FB92FA15EA705600A5DE37 /* OfftieAppDelegate.m */; };
		F2FB930C15EA70C700A5DE37 /* OfftieTableViewController.m in Sources */ = {isa = PBXBuildFile; fileRef = F2FB930B15EA70C700A5DE37 /* OfftieTableViewController.m */; };
		F2FD9904164EA85D00B4F837 /* Icon-72.png in Resources */ = {isa = PBXBuildFile; fileRef = F2FD9902164EA85D00B4F837 /* Icon-72.png */; };
		F2FD9905164EA85D00B4F837 /* Icon-small-50.png in Resources */ = {isa = PBXBuildFile; fileRef = F2FD9903164EA85D00B4F837 /* Icon-small-50.png */; };
		F2FD9907164EAC9200B4F837 /* iTunesArtwork@2x in Resources */ = {isa = PBXBuildFile; fileRef = F2FD9906164EAC9200B4F837 /* iTunesArtwork@2x */; };
		F2FD9910164EE23800B4F837 /* main.m in Sources */ = {isa = PBXBuildFile; fileRef = F2FB92F615EA705600A5DE37 /* main.m */; };
		F2FD9911164EE23800B4F837 /* OfftieAppDelegate.m in Sources */ = {isa = PBXBuildFile; fileRef = F2FB92FA15EA705600A5DE37 /* OfftieAppDelegate.m */; };
		F2FD9912164EE23800B4F837 /* OfftieTableViewController.m in Sources */ = {isa = PBXBuildFile; fileRef = F2FB930B15EA70C700A5DE37 /* OfftieTableViewController.m */; };
		F2FD9913164EE23800B4F837 /* TimeLineViewController.m in Sources */ = {isa = PBXBuildFile; fileRef = F23A0BAB15EAA14C00C99909 /* TimeLineViewController.m */; };
		F2FD9914164EE23800B4F837 /* PageViewController.m in Sources */ = {isa = PBXBuildFile; fileRef = F2DAC4A11604888300DC35E3 /* PageViewController.m */; };
		F2FD9915164EE23800B4F837 /* TimelineUIDocument.m in Sources */ = {isa = PBXBuildFile; fileRef = F278D95C162BFE60006FED6B /* TimelineUIDocument.m */; };
		F2FD9916164EE23800B4F837 /* SavedTimeline.m in Sources */ = {isa = PBXBuildFile; fileRef = F278D964162C10AD006FED6B /* SavedTimeline.m */; };
		F2FD9917164EE23800B4F837 /* Downloader.m in Sources */ = {isa = PBXBuildFile; fileRef = F278D967162C1684006FED6B /* Downloader.m */; };
		F2FD9919164EE23800B4F837 /* Twitter.framework in Frameworks */ = {isa = PBXBuildFile; fileRef = F23A0BA815EA8CE400C99909 /* Twitter.framework */; };
		F2FD991A164EE23800B4F837 /* Accounts.framework in Frameworks */ = {isa = PBXBuildFile; fileRef = F23A0BA515EA8C6D00C99909 /* Accounts.framework */; };
		F2FD991B164EE23800B4F837 /* UIKit.framework in Frameworks */ = {isa = PBXBuildFile; fileRef = F2FB92EA15EA705600A5DE37 /* UIKit.framework */; };
		F2FD991C164EE23800B4F837 /* Foundation.framework in Frameworks */ = {isa = PBXBuildFile; fileRef = F2FB92EC15EA705600A5DE37 /* Foundation.framework */; };
		F2FD991D164EE23800B4F837 /* CoreGraphics.framework in Frameworks */ = {isa = PBXBuildFile; fileRef = F2FB92EE15EA705600A5DE37 /* CoreGraphics.framework */; };
		F2FD991F164EE23800B4F837 /* InfoPlist.strings in Resources */ = {isa = PBXBuildFile; fileRef = F2FB92F315EA705600A5DE37 /* InfoPlist.strings */; };
		F2FD9922164EE23800B4F837 /* Icon.png in Resources */ = {isa = PBXBuildFile; fileRef = F278D97A1630928B006FED6B /* Icon.png */; };
		F2FD9923164EE23800B4F837 /* Icon@2x.png in Resources */ = {isa = PBXBuildFile; fileRef = F278D97C16309500006FED6B /* Icon@2x.png */; };
		F2FD9924164EE23800B4F837 /* Icon-Small@2x.png in Resources */ = {isa = PBXBuildFile; fileRef = F278D980163098DF006FED6B /* Icon-Small@2x.png */; };
		F2FD9925164EE23800B4F837 /* Icon-Small.png in Resources */ = {isa = PBXBuildFile; fileRef = F278D98216309972006FED6B /* Icon-Small.png */; };
		F2FD9926164EE23800B4F837 /* Icon-72.png in Resources */ = {isa = PBXBuildFile; fileRef = F2FD9902164EA85D00B4F837 /* Icon-72.png */; };
		F2FD9927164EE23800B4F837 /* Icon-small-50.png in Resources */ = {isa = PBXBuildFile; fileRef = F2FD9903164EA85D00B4F837 /* Icon-small-50.png */; };
		F2FD9928164EE23800B4F837 /* iTunesArtwork@2x in Resources */ = {isa = PBXBuildFile; fileRef = F2FD9906164EAC9200B4F837 /* iTunesArtwork@2x */; };
		F2FD9933164FF8D300B4F837 /* Offtie copy-Info.plist in Resources */ = {isa = PBXBuildFile; fileRef = F2FD9932164FF8D300B4F837 /* Offtie copy-Info.plist */; };
		F2FD99381650035900B4F837 /* Default-568h@2x.png in Resources */ = {isa = PBXBuildFile; fileRef = F2FD99341650035900B4F837 /* Default-568h@2x.png */; };
		F2FD99391650035900B4F837 /* Default.png in Resources */ = {isa = PBXBuildFile; fileRef = F2FD99351650035900B4F837 /* Default.png */; };
		F2FD993A1650035900B4F837 /* Default@2x.png in Resources */ = {isa = PBXBuildFile; fileRef = F2FD99361650035900B4F837 /* Default@2x.png */; };
		F2FD993B1650035900B4F837 /* iTunesArtwork in Resources */ = {isa = PBXBuildFile; fileRef = F2FD99371650035900B4F837 /* iTunesArtwork */; };
/* End PBXBuildFile section */

/* Begin PBXFileReference section */
		F20D9FFF167E69AC00E93CC8 /* TimeLineCollectionViewController.h */ = {isa = PBXFileReference; fileEncoding = 4; lastKnownFileType = sourcecode.c.h; path = TimeLineCollectionViewController.h; sourceTree = "<group>"; };
		F20DA000167E69AC00E93CC8 /* TimeLineCollectionViewController.m */ = {isa = PBXFileReference; fileEncoding = 4; lastKnownFileType = sourcecode.c.objc; path = TimeLineCollectionViewController.m; sourceTree = "<group>"; };
		F223D1F816E3C7C800389437 /* en */ = {isa = PBXFileReference; lastKnownFileType = file.storyboard; name = en; path = en.lproj/MainStoryboard_iPad_en.storyboard; sourceTree = "<group>"; };
		F223D20B16E3CD3E00389437 /* uk */ = {isa = PBXFileReference; lastKnownFileType = text.plist.strings; name = uk; path = Localizable.strings; sourceTree = "<group>"; };
		F223D21116E3D03800389437 /* Base */ = {isa = PBXFileReference; lastKnownFileType = file.storyboard; name = Base; path = Base.lproj/MainStoryboard_iPhone_en.storyboard; sourceTree = "<group>"; };
		F23609FB17E105DF002B9D14 /* Images.xcassets */ = {isa = PBXFileReference; lastKnownFileType = folder.assetcatalog; path = Images.xcassets; sourceTree = "<group>"; };
		F23A0BA515EA8C6D00C99909 /* Accounts.framework */ = {isa = PBXFileReference; lastKnownFileType = wrapper.framework; name = Accounts.framework; path = System/Library/Frameworks/Accounts.framework; sourceTree = SDKROOT; };
		F23A0BA815EA8CE400C99909 /* Twitter.framework */ = {isa = PBXFileReference; lastKnownFileType = wrapper.framework; name = Twitter.framework; path = System/Library/Frameworks/Twitter.framework; sourceTree = SDKROOT; };
		F23A0BAA15EAA14C00C99909 /* TimeLineViewController.h */ = {isa = PBXFileReference; fileEncoding = 4; lastKnownFileType = sourcecode.c.h; path = TimeLineViewController.h; sourceTree = "<group>"; };
		F23A0BAB15EAA14C00C99909 /* TimeLineViewController.m */ = {isa = PBXFileReference; fileEncoding = 4; lastKnownFileType = sourcecode.c.objc; path = TimeLineViewController.m; sourceTree = "<group>"; };
		F24CB3771680F00400D3ABA3 /* CollectionViewCustomLayout.h */ = {isa = PBXFileReference; fileEncoding = 4; lastKnownFileType = sourcecode.c.h; path = CollectionViewCustomLayout.h; sourceTree = "<group>"; };
		F24CB3781680F00400D3ABA3 /* CollectionViewCustomLayout.m */ = {isa = PBXFileReference; fileEncoding = 4; lastKnownFileType = sourcecode.c.objc; path = CollectionViewCustomLayout.m; sourceTree = "<group>"; };
		F278D95B162BFE60006FED6B /* TimelineUIDocument.h */ = {isa = PBXFileReference; fileEncoding = 4; lastKnownFileType = sourcecode.c.h; path = TimelineUIDocument.h; sourceTree = "<group>"; };
		F278D95C162BFE60006FED6B /* TimelineUIDocument.m */ = {isa = PBXFileReference; fileEncoding = 4; lastKnownFileType = sourcecode.c.objc; path = TimelineUIDocument.m; sourceTree = "<group>"; };
		F278D963162C10AD006FED6B /* SavedTimeline.h */ = {isa = PBXFileReference; fileEncoding = 4; lastKnownFileType = sourcecode.c.h; path = SavedTimeline.h; sourceTree = "<group>"; };
		F278D964162C10AD006FED6B /* SavedTimeline.m */ = {isa = PBXFileReference; fileEncoding = 4; lastKnownFileType = sourcecode.c.objc; path = SavedTimeline.m; sourceTree = "<group>"; };
		F278D966162C1684006FED6B /* Downloader.h */ = {isa = PBXFileReference; fileEncoding = 4; lastKnownFileType = sourcecode.c.h; path = Downloader.h; sourceTree = "<group>"; };
		F278D967162C1684006FED6B /* Downloader.m */ = {isa = PBXFileReference; fileEncoding = 4; lastKnownFileType = sourcecode.c.objc; path = Downloader.m; sourceTree = "<group>"; };
		F278D97A1630928B006FED6B /* Icon.png */ = {isa = PBXFileReference; lastKnownFileType = image.png; name = Icon.png; path = Offtie/Resources/Icon.png; sourceTree = "<group>"; };
		F278D97C16309500006FED6B /* Icon@2x.png */ = {isa = PBXFileReference; lastKnownFileType = image.png; name = "Icon@2x.png"; path = "Offtie/Resources/Icon@2x.png"; sourceTree = "<group>"; };
		F278D980163098DF006FED6B /* Icon-Small@2x.png */ = {isa = PBXFileReference; lastKnownFileType = image.png; name = "Icon-Small@2x.png"; path = "Offtie/Resources/Icon-Small@2x.png"; sourceTree = "<group>"; };
		F278D98216309972006FED6B /* Icon-Small.png */ = {isa = PBXFileReference; lastKnownFileType = image.png; name = "Icon-Small.png"; path = "Offtie/Resources/Icon-Small.png"; sourceTree = "<group>"; };
		F292E418166390D6004AEEC8 /* en */ = {isa = PBXFileReference; lastKnownFileType = text.plist.strings; name = en; path = InfoPlist.strings; sourceTree = "<group>"; };
		F292E41A166390D6004AEEC8 /* en */ = {isa = PBXFileReference; lastKnownFileType = text.plist.strings; name = en; path = Localizable.strings; sourceTree = "<group>"; };
		F292E42216639139004AEEC8 /* ru */ = {isa = PBXFileReference; lastKnownFileType = text.plist.strings; name = ru; path = Localizable.strings; sourceTree = "<group>"; };
		F2B27C1716E3E127005039EC /* Icon-72@2x.png */ = {isa = PBXFileReference; lastKnownFileType = image.png; path = "Icon-72@2x.png"; sourceTree = "<group>"; };
		F2B27C1A16E3E7C8005039EC /* Default-Landscape@2x~ipad.png */ = {isa = PBXFileReference; lastKnownFileType = image.png; path = "Default-Landscape@2x~ipad.png"; sourceTree = "<group>"; };
		F2B27C1D16E3E8B7005039EC /* Default-Landscape~ipad.png */ = {isa = PBXFileReference; lastKnownFileType = image.png; path = "Default-Landscape~ipad.png"; sourceTree = "<group>"; };
		F2B27C2016E3EC44005039EC /* Default-Portrait@2x~ipad.png */ = {isa = PBXFileReference; lastKnownFileType = image.png; path = "Default-Portrait@2x~ipad.png"; sourceTree = "<group>"; };
		F2B27C2116E3EC44005039EC /* Default-Portrait~ipad.png */ = {isa = PBXFileReference; lastKnownFileType = image.png; path = "Default-Portrait~ipad.png"; sourceTree = "<group>"; };
		F2DAC4A01604888300DC35E3 /* PageViewController.h */ = {isa = PBXFileReference; fileEncoding = 4; lastKnownFileType = sourcecode.c.h; path = PageViewController.h; sourceTree = "<group>"; };
		F2DAC4A11604888300DC35E3 /* PageViewController.m */ = {isa = PBXFileReference; fileEncoding = 4; lastKnownFileType = sourcecode.c.objc; path = PageViewController.m; sourceTree = "<group>"; };
		F2FB92E615EA705600A5DE37 /* Offtie.app */ = {isa = PBXFileReference; explicitFileType = wrapper.application; includeInIndex = 0; path = Offtie.app; sourceTree = BUILT_PRODUCTS_DIR; };
		F2FB92EA15EA705600A5DE37 /* UIKit.framework */ = {isa = PBXFileReference; lastKnownFileType = wrapper.framework; name = UIKit.framework; path = System/Library/Frameworks/UIKit.framework; sourceTree = SDKROOT; };
		F2FB92EC15EA705600A5DE37 /* Foundation.framework */ = {isa = PBXFileReference; lastKnownFileType = wrapper.framework; name = Foundation.framework; path = System/Library/Frameworks/Foundation.framework; sourceTree = SDKROOT; };
		F2FB92EE15EA705600A5DE37 /* CoreGraphics.framework */ = {isa = PBXFileReference; lastKnownFileType = wrapper.framework; name = CoreGraphics.framework; path = System/Library/Frameworks/CoreGraphics.framework; sourceTree = SDKROOT; };
		F2FB92F215EA705600A5DE37 /* Offtie-Info.plist */ = {isa = PBXFileReference; lastKnownFileType = text.plist.xml; path = "Offtie-Info.plist"; sourceTree = "<group>"; };
		F2FB92F415EA705600A5DE37 /* en */ = {isa = PBXFileReference; lastKnownFileType = text.plist.strings; name = en; path = en.lproj/InfoPlist.strings; sourceTree = "<group>"; };
		F2FB92F615EA705600A5DE37 /* main.m */ = {isa = PBXFileReference; lastKnownFileType = sourcecode.c.objc; path = main.m; sourceTree = "<group>"; };
		F2FB92F815EA705600A5DE37 /* Offtie-Prefix.pch */ = {isa = PBXFileReference; lastKnownFileType = sourcecode.c.h; path = "Offtie-Prefix.pch"; sourceTree = "<group>"; };
		F2FB92F915EA705600A5DE37 /* OfftieAppDelegate.h */ = {isa = PBXFileReference; lastKnownFileType = sourcecode.c.h; path = OfftieAppDelegate.h; sourceTree = "<group>"; };
		F2FB92FA15EA705600A5DE37 /* OfftieAppDelegate.m */ = {isa = PBXFileReference; lastKnownFileType = sourcecode.c.objc; path = OfftieAppDelegate.m; sourceTree = "<group>"; };
		F2FB930A15EA70C700A5DE37 /* OfftieTableViewController.h */ = {isa = PBXFileReference; fileEncoding = 4; lastKnownFileType = sourcecode.c.h; path = OfftieTableViewController.h; sourceTree = "<group>"; };
		F2FB930B15EA70C700A5DE37 /* OfftieTableViewController.m */ = {isa = PBXFileReference; fileEncoding = 4; lastKnownFileType = sourcecode.c.objc; path = OfftieTableViewController.m; sourceTree = "<group>"; };
		F2FD9902164EA85D00B4F837 /* Icon-72.png */ = {isa = PBXFileReference; lastKnownFileType = image.png; name = "Icon-72.png"; path = "Offtie/Resources/Icon-72.png"; sourceTree = "<group>"; };
		F2FD9903164EA85D00B4F837 /* Icon-small-50.png */ = {isa = PBXFileReference; lastKnownFileType = image.png; name = "Icon-small-50.png"; path = "Offtie/Resources/Icon-small-50.png"; sourceTree = "<group>"; };
		F2FD9906164EAC9200B4F837 /* iTunesArtwork@2x */ = {isa = PBXFileReference; lastKnownFileType = file; name = "iTunesArtwork@2x"; path = "Offtie/Resources/iTunesArtwork@2x"; sourceTree = "<group>"; };
		F2FD992F164EE23800B4F837 /* Offtie.app */ = {isa = PBXFileReference; explicitFileType = wrapper.application; includeInIndex = 0; path = Offtie.app; sourceTree = BUILT_PRODUCTS_DIR; };
		F2FD9932164FF8D300B4F837 /* Offtie copy-Info.plist */ = {isa = PBXFileReference; fileEncoding = 4; lastKnownFileType = text.plist.xml; path = "Offtie copy-Info.plist"; sourceTree = SOURCE_ROOT; };
		F2FD99341650035900B4F837 /* Default-568h@2x.png */ = {isa = PBXFileReference; lastKnownFileType = image.png; name = "Default-568h@2x.png"; path = "Offtie/Resources/Default-568h@2x.png"; sourceTree = "<group>"; };
		F2FD99351650035900B4F837 /* Default.png */ = {isa = PBXFileReference; lastKnownFileType = image.png; name = Default.png; path = Offtie/Resources/Default.png; sourceTree = "<group>"; };
		F2FD99361650035900B4F837 /* Default@2x.png */ = {isa = PBXFileReference; lastKnownFileType = image.png; name = "Default@2x.png"; path = "Offtie/Resources/Default@2x.png"; sourceTree = "<group>"; };
		F2FD99371650035900B4F837 /* iTunesArtwork */ = {isa = PBXFileReference; lastKnownFileType = file; name = iTunesArtwork; path = Offtie/Resources/iTunesArtwork; sourceTree = "<group>"; };
/* End PBXFileReference section */

/* Begin PBXFrameworksBuildPhase section */
		F2FB92E315EA705600A5DE37 /* Frameworks */ = {
			isa = PBXFrameworksBuildPhase;
			buildActionMask = 2147483647;
			files = (
				F23A0BA915EA8CE400C99909 /* Twitter.framework in Frameworks */,
				F23A0BA615EA8C6D00C99909 /* Accounts.framework in Frameworks */,
				F2FB92EB15EA705600A5DE37 /* UIKit.framework in Frameworks */,
				F2FB92ED15EA705600A5DE37 /* Foundation.framework in Frameworks */,
				F2FB92EF15EA705600A5DE37 /* CoreGraphics.framework in Frameworks */,
			);
			runOnlyForDeploymentPostprocessing = 0;
		};
		F2FD9918164EE23800B4F837 /* Frameworks */ = {
			isa = PBXFrameworksBuildPhase;
			buildActionMask = 2147483647;
			files = (
				F2FD9919164EE23800B4F837 /* Twitter.framework in Frameworks */,
				F2FD991A164EE23800B4F837 /* Accounts.framework in Frameworks */,
				F2FD991B164EE23800B4F837 /* UIKit.framework in Frameworks */,
				F2FD991C164EE23800B4F837 /* Foundation.framework in Frameworks */,
				F2FD991D164EE23800B4F837 /* CoreGraphics.framework in Frameworks */,
			);
			runOnlyForDeploymentPostprocessing = 0;
		};
/* End PBXFrameworksBuildPhase section */

/* Begin PBXGroup section */
		F2133EC0166399DF0058B8E0 /* uk.lproj */ = {
			isa = PBXGroup;
			children = (
				F223D20A16E3CD3E00389437 /* Localizable.strings */,
			);
			path = uk.lproj;
			sourceTree = "<group>";
		};
		F278D95E162C0F2A006FED6B /* Views */ = {
			isa = PBXGroup;
			children = (
				F2FB930A15EA70C700A5DE37 /* OfftieTableViewController.h */,
				F2FB930B15EA70C700A5DE37 /* OfftieTableViewController.m */,
				F23A0BAA15EAA14C00C99909 /* TimeLineViewController.h */,
				F23A0BAB15EAA14C00C99909 /* TimeLineViewController.m */,
				F2DAC4A01604888300DC35E3 /* PageViewController.h */,
				F2DAC4A11604888300DC35E3 /* PageViewController.m */,
				F20D9FFF167E69AC00E93CC8 /* TimeLineCollectionViewController.h */,
				F20DA000167E69AC00E93CC8 /* TimeLineCollectionViewController.m */,
				F24CB3771680F00400D3ABA3 /* CollectionViewCustomLayout.h */,
				F24CB3781680F00400D3ABA3 /* CollectionViewCustomLayout.m */,
			);
			name = Views;
			sourceTree = "<group>";
		};
		F278D97916309252006FED6B /* Resources */ = {
			isa = PBXGroup;
			children = (
				F2B27C2016E3EC44005039EC /* Default-Portrait@2x~ipad.png */,
				F2B27C2116E3EC44005039EC /* Default-Portrait~ipad.png */,
				F2B27C1D16E3E8B7005039EC /* Default-Landscape~ipad.png */,
				F2B27C1A16E3E7C8005039EC /* Default-Landscape@2x~ipad.png */,
				F2B27C1716E3E127005039EC /* Icon-72@2x.png */,
				F2FD99341650035900B4F837 /* Default-568h@2x.png */,
				F2FD99351650035900B4F837 /* Default.png */,
				F2FD99361650035900B4F837 /* Default@2x.png */,
				F2FD99371650035900B4F837 /* iTunesArtwork */,
				F2FD9906164EAC9200B4F837 /* iTunesArtwork@2x */,
				F2FD9902164EA85D00B4F837 /* Icon-72.png */,
				F2FD9903164EA85D00B4F837 /* Icon-small-50.png */,
				F278D98216309972006FED6B /* Icon-Small.png */,
				F278D980163098DF006FED6B /* Icon-Small@2x.png */,
				F278D97C16309500006FED6B /* Icon@2x.png */,
				F278D97A1630928B006FED6B /* Icon.png */,
			);
			name = Resources;
			sourceTree = "<group>";
		};
		F292E416166390D5004AEEC8 /* en.lproj */ = {
			isa = PBXGroup;
			children = (
				F223D20216E3CB0A00389437 /* MainStoryboard_iPhone_en.storyboard */,
				F223D1C116E3B2ED00389437 /* MainStoryboard_iPad_en.storyboard */,
				F292E417166390D6004AEEC8 /* InfoPlist.strings */,
				F292E419166390D6004AEEC8 /* Localizable.strings */,
			);
			path = en.lproj;
			sourceTree = "<group>";
		};
		F292E41D16639114004AEEC8 /* ru.lproj */ = {
			isa = PBXGroup;
			children = (
				F292E42116639139004AEEC8 /* Localizable.strings */,
			);
			path = ru.lproj;
			sourceTree = "<group>";
		};
		F2FB92DB15EA705600A5DE37 = {
			isa = PBXGroup;
			children = (
				F278D97916309252006FED6B /* Resources */,
				F23A0BA815EA8CE400C99909 /* Twitter.framework */,
				F23A0BA515EA8C6D00C99909 /* Accounts.framework */,
				F2FB92F015EA705600A5DE37 /* Offtie */,
				F2FB92E915EA705600A5DE37 /* Frameworks */,
				F2FB92E715EA705600A5DE37 /* Products */,
			);
			sourceTree = "<group>";
		};
		F2FB92E715EA705600A5DE37 /* Products */ = {
			isa = PBXGroup;
			children = (
				F2FB92E615EA705600A5DE37 /* Offtie.app */,
				F2FD992F164EE23800B4F837 /* Offtie.app */,
			);
			name = Products;
			sourceTree = "<group>";
		};
		F2FB92E915EA705600A5DE37 /* Frameworks */ = {
			isa = PBXGroup;
			children = (
				F2FB92EA15EA705600A5DE37 /* UIKit.framework */,
				F2FB92EC15EA705600A5DE37 /* Foundation.framework */,
				F2FB92EE15EA705600A5DE37 /* CoreGraphics.framework */,
			);
			name = Frameworks;
			sourceTree = "<group>";
		};
		F2FB92F015EA705600A5DE37 /* Offtie */ = {
			isa = PBXGroup;
			children = (
				F278D95E162C0F2A006FED6B /* Views */,
				F2FB92F915EA705600A5DE37 /* OfftieAppDelegate.h */,
				F2FB92FA15EA705600A5DE37 /* OfftieAppDelegate.m */,
				F2FB92F115EA705600A5DE37 /* Supporting Files */,
				F278D95B162BFE60006FED6B /* TimelineUIDocument.h */,
				F278D95C162BFE60006FED6B /* TimelineUIDocument.m */,
				F278D963162C10AD006FED6B /* SavedTimeline.h */,
				F278D964162C10AD006FED6B /* SavedTimeline.m */,
				F278D966162C1684006FED6B /* Downloader.h */,
				F278D967162C1684006FED6B /* Downloader.m */,
				F23609FB17E105DF002B9D14 /* Images.xcassets */,
			);
			path = Offtie;
			sourceTree = "<group>";
		};
		F2FB92F115EA705600A5DE37 /* Supporting Files */ = {
			isa = PBXGroup;
			children = (
				F2133EC0166399DF0058B8E0 /* uk.lproj */,
				F292E41D16639114004AEEC8 /* ru.lproj */,
				F292E416166390D5004AEEC8 /* en.lproj */,
				F2FD9932164FF8D300B4F837 /* Offtie copy-Info.plist */,
				F2FB92F215EA705600A5DE37 /* Offtie-Info.plist */,
				F2FB92F315EA705600A5DE37 /* InfoPlist.strings */,
				F2FB92F615EA705600A5DE37 /* main.m */,
				F2FB92F815EA705600A5DE37 /* Offtie-Prefix.pch */,
			);
			name = "Supporting Files";
			sourceTree = "<group>";
		};
/* End PBXGroup section */

/* Begin PBXNativeTarget section */
		F2FB92E515EA705600A5DE37 /* Offtie */ = {
			isa = PBXNativeTarget;
			buildConfigurationList = F2FB930715EA705600A5DE37 /* Build configuration list for PBXNativeTarget "Offtie" */;
			buildPhases = (
				F2FB92E215EA705600A5DE37 /* Sources */,
				F2FB92E315EA705600A5DE37 /* Frameworks */,
				F2FB92E415EA705600A5DE37 /* Resources */,
			);
			buildRules = (
			);
			dependencies = (
			);
			name = Offtie;
			productName = Offtie;
			productReference = F2FB92E615EA705600A5DE37 /* Offtie.app */;
			productType = "com.apple.product-type.application";
		};
		F2FD990E164EE23800B4F837 /* Offtie-AppStore */ = {
			isa = PBXNativeTarget;
			buildConfigurationList = F2FD992C164EE23800B4F837 /* Build configuration list for PBXNativeTarget "Offtie-AppStore" */;
			buildPhases = (
				F2FD990F164EE23800B4F837 /* Sources */,
				F2FD9918164EE23800B4F837 /* Frameworks */,
				F2FD991E164EE23800B4F837 /* Resources */,
			);
			buildRules = (
			);
			dependencies = (
			);
			name = "Offtie-AppStore";
			productName = Offtie;
			productReference = F2FD992F164EE23800B4F837 /* Offtie.app */;
			productType = "com.apple.product-type.application";
		};
/* End PBXNativeTarget section */

/* Begin PBXProject section */
		F2FB92DD15EA705600A5DE37 /* Project object */ = {
			isa = PBXProject;
			attributes = {
				CLASSPREFIX = Offtie;
				LastUpgradeCheck = 0500;
				ORGANIZATIONNAME = "Dmytro Gladkyi";
				TargetAttributes = {
					F2FB92E515EA705600A5DE37 = {
						DevelopmentTeam = 29UL2Y36R9;
					};
					F2FD990E164EE23800B4F837 = {
						DevelopmentTeam = 29UL2Y36R9;
					};
				};
			};
			buildConfigurationList = F2FB92E015EA705600A5DE37 /* Build configuration list for PBXProject "Offtie" */;
			compatibilityVersion = "Xcode 3.2";
			developmentRegion = English;
			hasScannedForEncodings = 0;
			knownRegions = (
				en,
				Base,
				ru,
				uk,
				"ru-RU",
			);
			mainGroup = F2FB92DB15EA705600A5DE37;
			productRefGroup = F2FB92E715EA705600A5DE37 /* Products */;
			projectDirPath = "";
			projectRoot = "";
			targets = (
				F2FB92E515EA705600A5DE37 /* Offtie */,
				F2FD990E164EE23800B4F837 /* Offtie-AppStore */,
			);
		};
/* End PBXProject section */

/* Begin PBXResourcesBuildPhase section */
		F2FB92E415EA705600A5DE37 /* Resources */ = {
			isa = PBXResourcesBuildPhase;
			buildActionMask = 2147483647;
			files = (
				F2F3F4E91748F34A002AA14E /* Localizable.strings in Resources */,
				F23609FC17E105DF002B9D14 /* Images.xcassets in Resources */,
				F2F3F4EA1748F34A002AA14E /* Localizable.strings in Resources */,
				F2F3F4E81748F338002AA14E /* MainStoryboard_iPhone_en.storyboard in Resources */,
				F2FB92F515EA705600A5DE37 /* InfoPlist.strings in Resources */,
				F278D97B1630928B006FED6B /* Icon.png in Resources */,
				F278D97D16309500006FED6B /* Icon@2x.png in Resources */,
				F278D981163098DF006FED6B /* Icon-Small@2x.png in Resources */,
				F278D98316309972006FED6B /* Icon-Small.png in Resources */,
				F2FD9904164EA85D00B4F837 /* Icon-72.png in Resources */,
				F2FD9905164EA85D00B4F837 /* Icon-small-50.png in Resources */,
				F2FD9907164EAC9200B4F837 /* iTunesArtwork@2x in Resources */,
				F2FD9933164FF8D300B4F837 /* Offtie copy-Info.plist in Resources */,
				F2FD99381650035900B4F837 /* Default-568h@2x.png in Resources */,
				F2FD99391650035900B4F837 /* Default.png in Resources */,
				F2FD993A1650035900B4F837 /* Default@2x.png in Resources */,
				F2FD993B1650035900B4F837 /* iTunesArtwork in Resources */,
				F292E41B166390D6004AEEC8 /* InfoPlist.strings in Resources */,
				F292E41C166390D6004AEEC8 /* Localizable.strings in Resources */,
				F223D1C316E3B2ED00389437 /* MainStoryboard_iPad_en.storyboard in Resources */,
				F2B27C1816E3E127005039EC /* Icon-72@2x.png in Resources */,
				F2B27C1B16E3E7C8005039EC /* Default-Landscape@2x~ipad.png in Resources */,
				F2B27C1E16E3E8B7005039EC /* Default-Landscape~ipad.png in Resources */,
				F2B27C2216E3EC45005039EC /* Default-Portrait@2x~ipad.png in Resources */,
				F2B27C2416E3EC45005039EC /* Default-Portrait~ipad.png in Resources */,
			);
			runOnlyForDeploymentPostprocessing = 0;
		};
		F2FD991E164EE23800B4F837 /* Resources */ = {
			isa = PBXResourcesBuildPhase;
			buildActionMask = 2147483647;
			files = (
				F2B27C2916E3F2E6005039EC /* iTunesArtwork in Resources */,
				F2B27C2816E3F2E2005039EC /* Default@2x.png in Resources */,
				F2B27C2716E3F2C4005039EC /* Default.png in Resources */,
				F2B27C2616E3F2B0005039EC /* Default-568h@2x.png in Resources */,
				F2FD991F164EE23800B4F837 /* InfoPlist.strings in Resources */,
				F2FD9922164EE23800B4F837 /* Icon.png in Resources */,
				F2FD9923164EE23800B4F837 /* Icon@2x.png in Resources */,
				F2FD9924164EE23800B4F837 /* Icon-Small@2x.png in Resources */,
				F2FD9925164EE23800B4F837 /* Icon-Small.png in Resources */,
				F2FD9926164EE23800B4F837 /* Icon-72.png in Resources */,
				F2FD9927164EE23800B4F837 /* Icon-small-50.png in Resources */,
				F2FD9928164EE23800B4F837 /* iTunesArtwork@2x in Resources */,
				F223D1C416E3B2ED00389437 /* MainStoryboard_iPad_en.storyboard in Resources */,
				F2B27C1916E3E127005039EC /* Icon-72@2x.png in Resources */,
				F2B27C1C16E3E7C8005039EC /* Default-Landscape@2x~ipad.png in Resources */,
				F2B27C1F16E3E8B7005039EC /* Default-Landscape~ipad.png in Resources */,
				F2B27C2316E3EC45005039EC /* Default-Portrait@2x~ipad.png in Resources */,
				F2B27C2516E3EC45005039EC /* Default-Portrait~ipad.png in Resources */,
				F2F3F4EB1748F42D002AA14E /* MainStoryboard_iPhone_en.storyboard in Resources */,
				F2F3F4EC1748F431002AA14E /* Localizable.strings in Resources */,
				F2F3F4ED1748F435002AA14E /* Localizable.strings in Resources */,
			);
			runOnlyForDeploymentPostprocessing = 0;
		};
/* End PBXResourcesBuildPhase section */

/* Begin PBXSourcesBuildPhase section */
		F2FB92E215EA705600A5DE37 /* Sources */ = {
			isa = PBXSourcesBuildPhase;
			buildActionMask = 2147483647;
			files = (
				F2FB92F715EA705600A5DE37 /* main.m in Sources */,
				F2FB92FB15EA705600A5DE37 /* OfftieAppDelegate.m in Sources */,
				F2FB930C15EA70C700A5DE37 /* OfftieTableViewController.m in Sources */,
				F23A0BAC15EAA14C00C99909 /* TimeLineViewController.m in Sources */,
				F2DAC4A21604888300DC35E3 /* PageViewController.m in Sources */,
				F278D95D162BFE60006FED6B /* TimelineUIDocument.m in Sources */,
				F278D965162C10AD006FED6B /* SavedTimeline.m in Sources */,
				F278D968162C1684006FED6B /* Downloader.m in Sources */,
				F20DA001167E69AC00E93CC8 /* TimeLineCollectionViewController.m in Sources */,
				F24CB3791680F00400D3ABA3 /* CollectionViewCustomLayout.m in Sources */,
			);
			runOnlyForDeploymentPostprocessing = 0;
		};
		F2FD990F164EE23800B4F837 /* Sources */ = {
			isa = PBXSourcesBuildPhase;
			buildActionMask = 2147483647;
			files = (
				F2FD9910164EE23800B4F837 /* main.m in Sources */,
				F2FD9911164EE23800B4F837 /* OfftieAppDelegate.m in Sources */,
				F2FD9912164EE23800B4F837 /* OfftieTableViewController.m in Sources */,
				F2FD9913164EE23800B4F837 /* TimeLineViewController.m in Sources */,
				F2FD9914164EE23800B4F837 /* PageViewController.m in Sources */,
				F2FD9915164EE23800B4F837 /* TimelineUIDocument.m in Sources */,
				F2FD9916164EE23800B4F837 /* SavedTimeline.m in Sources */,
				F2FD9917164EE23800B4F837 /* Downloader.m in Sources */,
			);
			runOnlyForDeploymentPostprocessing = 0;
		};
/* End PBXSourcesBuildPhase section */

/* Begin PBXVariantGroup section */
		F223D1C116E3B2ED00389437 /* MainStoryboard_iPad_en.storyboard */ = {
			isa = PBXVariantGroup;
			children = (
				F223D1F816E3C7C800389437 /* en */,
			);
			name = MainStoryboard_iPad_en.storyboard;
			sourceTree = "<group>";
		};
		F223D20216E3CB0A00389437 /* MainStoryboard_iPhone_en.storyboard */ = {
			isa = PBXVariantGroup;
			children = (
				F223D21116E3D03800389437 /* Base */,
			);
			name = MainStoryboard_iPhone_en.storyboard;
			sourceTree = "<group>";
		};
		F223D20A16E3CD3E00389437 /* Localizable.strings */ = {
			isa = PBXVariantGroup;
			children = (
				F223D20B16E3CD3E00389437 /* uk */,
			);
			name = Localizable.strings;
			sourceTree = "<group>";
		};
		F292E417166390D6004AEEC8 /* InfoPlist.strings */ = {
			isa = PBXVariantGroup;
			children = (
				F292E418166390D6004AEEC8 /* en */,
			);
			name = InfoPlist.strings;
			sourceTree = "<group>";
		};
		F292E419166390D6004AEEC8 /* Localizable.strings */ = {
			isa = PBXVariantGroup;
			children = (
				F292E41A166390D6004AEEC8 /* en */,
			);
			name = Localizable.strings;
			sourceTree = "<group>";
		};
		F292E42116639139004AEEC8 /* Localizable.strings */ = {
			isa = PBXVariantGroup;
			children = (
				F292E42216639139004AEEC8 /* ru */,
			);
			name = Localizable.strings;
			sourceTree = "<group>";
		};
		F2FB92F315EA705600A5DE37 /* InfoPlist.strings */ = {
			isa = PBXVariantGroup;
			children = (
				F2FB92F415EA705600A5DE37 /* en */,
			);
			name = InfoPlist.strings;
			sourceTree = "<group>";
		};
/* End PBXVariantGroup section */

/* Begin XCBuildConfiguration section */
		F2FB930515EA705600A5DE37 /* Debug */ = {
			isa = XCBuildConfiguration;
			buildSettings = {
				ALWAYS_SEARCH_USER_PATHS = NO;
				CLANG_CXX_LANGUAGE_STANDARD = "gnu++0x";
				CLANG_ENABLE_OBJC_ARC = YES;
				CLANG_WARN_BOOL_CONVERSION = YES;
				CLANG_WARN_CONSTANT_CONVERSION = YES;
				CLANG_WARN_EMPTY_BODY = YES;
				CLANG_WARN_ENUM_CONVERSION = YES;
				CLANG_WARN_INT_CONVERSION = YES;
				CLANG_WARN__DUPLICATE_METHOD_MATCH = YES;
				"CODE_SIGN_IDENTITY[sdk=iphoneos*]" = "iPhone Developer";
				COPY_PHASE_STRIP = NO;
				GCC_C_LANGUAGE_STANDARD = gnu99;
				GCC_DYNAMIC_NO_PIC = NO;
				GCC_OPTIMIZATION_LEVEL = 0;
				GCC_PREPROCESSOR_DEFINITIONS = (
					"DEBUG=1",
					"$(inherited)",
				);
				GCC_SYMBOLS_PRIVATE_EXTERN = NO;
				GCC_VERSION = com.apple.compilers.llvm.clang.1_0;
				GCC_WARN_ABOUT_RETURN_TYPE = YES;
				GCC_WARN_UNDECLARED_SELECTOR = YES;
				GCC_WARN_UNINITIALIZED_AUTOS = YES;
				GCC_WARN_UNUSED_FUNCTION = YES;
				GCC_WARN_UNUSED_VARIABLE = YES;
				IPHONEOS_DEPLOYMENT_TARGET = 5.1;
				ONLY_ACTIVE_ARCH = YES;
				SDKROOT = iphoneos;
				TARGETED_DEVICE_FAMILY = "1,2";
			};
			name = Debug;
		};
		F2FB930615EA705600A5DE37 /* Release */ = {
			isa = XCBuildConfiguration;
			buildSettings = {
				ALWAYS_SEARCH_USER_PATHS = NO;
				CLANG_CXX_LANGUAGE_STANDARD = "gnu++0x";
				CLANG_ENABLE_OBJC_ARC = YES;
				CLANG_WARN_BOOL_CONVERSION = YES;
				CLANG_WARN_CONSTANT_CONVERSION = YES;
				CLANG_WARN_EMPTY_BODY = YES;
				CLANG_WARN_ENUM_CONVERSION = YES;
				CLANG_WARN_INT_CONVERSION = YES;
				CLANG_WARN__DUPLICATE_METHOD_MATCH = YES;
				"CODE_SIGN_IDENTITY[sdk=iphoneos*]" = "iPhone Distribution: Dmytro Gladkyi";
				COPY_PHASE_STRIP = YES;
				GCC_C_LANGUAGE_STANDARD = gnu99;
				GCC_VERSION = com.apple.compilers.llvm.clang.1_0;
				GCC_WARN_ABOUT_RETURN_TYPE = YES;
				GCC_WARN_UNDECLARED_SELECTOR = YES;
				GCC_WARN_UNINITIALIZED_AUTOS = YES;
				GCC_WARN_UNUSED_FUNCTION = YES;
				GCC_WARN_UNUSED_VARIABLE = YES;
				IPHONEOS_DEPLOYMENT_TARGET = 5.1;
				OTHER_CFLAGS = "-DNS_BLOCK_ASSERTIONS=1";
				"PROVISIONING_PROFILE[sdk=iphoneos*]" = "220437B5-4720-456A-9A54-4F42047385D9";
				SDKROOT = iphoneos;
				TARGETED_DEVICE_FAMILY = "1,2";
				VALIDATE_PRODUCT = YES;
			};
			name = Release;
		};
		F2FB930815EA705600A5DE37 /* Debug */ = {
			isa = XCBuildConfiguration;
			buildSettings = {
				ASSETCATALOG_COMPILER_APPICON_NAME = AppIcon;
				ASSETCATALOG_COMPILER_LAUNCHIMAGE_NAME = LaunchImage;
				CODE_SIGN_IDENTITY = "iPhone Developer";
				GCC_PRECOMPILE_PREFIX_HEADER = YES;
				GCC_PREFIX_HEADER = "Offtie/Offtie-Prefix.pch";
				INFOPLIST_FILE = "Offtie/Offtie-Info.plist";
				IPHONEOS_DEPLOYMENT_TARGET = 6.1;
				PRODUCT_NAME = "$(TARGET_NAME)";
				TARGETED_DEVICE_FAMILY = "1,2";
				WRAPPER_EXTENSION = app;
			};
			name = Debug;
		};
		F2FB930915EA705600A5DE37 /* Release */ = {
			isa = XCBuildConfiguration;
			buildSettings = {
				ASSETCATALOG_COMPILER_APPICON_NAME = AppIcon;
				ASSETCATALOG_COMPILER_LAUNCHIMAGE_NAME = LaunchImage;
				CODE_SIGN_IDENTITY = "iPhone Developer";
				"CODE_SIGN_IDENTITY[sdk=iphoneos*]" = "iPhone Distribution: Dmytro Gladkyi";
				GCC_PRECOMPILE_PREFIX_HEADER = YES;
				GCC_PREFIX_HEADER = "Offtie/Offtie-Prefix.pch";
				INFOPLIST_FILE = "Offtie/Offtie-Info.plist";
				IPHONEOS_DEPLOYMENT_TARGET = 6.1;
				PRODUCT_NAME = "$(TARGET_NAME)";
				"PROVISIONING_PROFILE[sdk=iphoneos*]" = "220437B5-4720-456A-9A54-4F42047385D9";
				TARGETED_DEVICE_FAMILY = "1,2";
				VALIDATE_PRODUCT = NO;
				WRAPPER_EXTENSION = app;
			};
			name = Release;
		};
		F2FD992D164EE23800B4F837 /* Debug */ = {
			isa = XCBuildConfiguration;
			buildSettings = {
				CODE_SIGN_IDENTITY = "iPhone Developer";
				GCC_PRECOMPILE_PREFIX_HEADER = YES;
				GCC_PREFIX_HEADER = "Offtie/Offtie-Prefix.pch";
				INFOPLIST_FILE = "Offtie copy-Info.plist";
				IPHONEOS_DEPLOYMENT_TARGET = 5.1;
				PRODUCT_NAME = Offtie;
				TARGETED_DEVICE_FAMILY = "1,2";
				WRAPPER_EXTENSION = app;
			};
			name = Debug;
		};
		F2FD992E164EE23800B4F837 /* Release */ = {
			isa = XCBuildConfiguration;
			buildSettings = {
				CODE_SIGN_IDENTITY = "iPhone Developer";
				"CODE_SIGN_IDENTITY[sdk=iphoneos*]" = "iPhone Distribution: Dmytro Gladkyi";
				GCC_PRECOMPILE_PREFIX_HEADER = YES;
				GCC_PREFIX_HEADER = "Offtie/Offtie-Prefix.pch";
				INFOPLIST_FILE = "Offtie copy-Info.plist";
				IPHONEOS_DEPLOYMENT_TARGET = 5.1;
				PRODUCT_NAME = Offtie;
				"PROVISIONING_PROFILE[sdk=iphoneos*]" = "220437B5-4720-456A-9A54-4F42047385D9";
				TARGETED_DEVICE_FAMILY = "1,2";
				VALIDATE_PRODUCT = NO;
				WRAPPER_EXTENSION = app;
			};
			name = Release;
		};
/* End XCBuildConfiguration section */

/* Begin XCConfigurationList section */
		F2FB92E015EA705600A5DE37 /* Build configuration list for PBXProject "Offtie" */ = {
			isa = XCConfigurationList;
			buildConfigurations = (
				F2FB930515EA705600A5DE37 /* Debug */,
				F2FB930615EA705600A5DE37 /* Release */,
			);
			defaultConfigurationIsVisible = 0;
			defaultConfigurationName = Release;
		};
		F2FB930715EA705600A5DE37 /* Build configuration list for PBXNativeTarget "Offtie" */ = {
			isa = XCConfigurationList;
			buildConfigurations = (
				F2FB930815EA705600A5DE37 /* Debug */,
				F2FB930915EA705600A5DE37 /* Release */,
			);
			defaultConfigurationIsVisible = 0;
			defaultConfigurationName = Release;
		};
		F2FD992C164EE23800B4F837 /* Build configuration list for PBXNativeTarget "Offtie-AppStore" */ = {
			isa = XCConfigurationList;
			buildConfigurations = (
				F2FD992D164EE23800B4F837 /* Debug */,
				F2FD992E164EE23800B4F837 /* Release */,
			);
			defaultConfigurationIsVisible = 0;
			defaultConfigurationName = Release;
		};
/* End XCConfigurationList section */
	};
	rootObject = F2FB92DD15EA705600A5DE37 /* Project object */;
}
